// !$*UTF8*$!
{
	archiveVersion = 1;
	classes = {
	};
	objectVersion = 50;
	objects = {

/* Begin PBXBuildFile section */
		8C762DF025B7293E007943D4 /* AppDelegate.swift in Sources */ = {isa = PBXBuildFile; fileRef = 8C762DEF25B7293E007943D4 /* AppDelegate.swift */; };
		8C762DF225B7293E007943D4 /* SceneDelegate.swift in Sources */ = {isa = PBXBuildFile; fileRef = 8C762DF125B7293E007943D4 /* SceneDelegate.swift */; };
		8C762DF425B7293E007943D4 /* ViewController.swift in Sources */ = {isa = PBXBuildFile; fileRef = 8C762DF325B7293E007943D4 /* ViewController.swift */; };
		8C762DF725B7293E007943D4 /* Main.storyboard in Resources */ = {isa = PBXBuildFile; fileRef = 8C762DF525B7293E007943D4 /* Main.storyboard */; };
		8C762DF925B7293F007943D4 /* Assets.xcassets in Resources */ = {isa = PBXBuildFile; fileRef = 8C762DF825B7293F007943D4 /* Assets.xcassets */; };
		8C762DFC25B7293F007943D4 /* LaunchScreen.storyboard in Resources */ = {isa = PBXBuildFile; fileRef = 8C762DFA25B7293F007943D4 /* LaunchScreen.storyboard */; };
		8C762E0725B7293F007943D4 /* idm362_clw344Tests.swift in Sources */ = {isa = PBXBuildFile; fileRef = 8C762E0625B7293F007943D4 /* idm362_clw344Tests.swift */; };
		8C762E1225B7293F007943D4 /* idm362_clw344UITests.swift in Sources */ = {isa = PBXBuildFile; fileRef = 8C762E1125B7293F007943D4 /* idm362_clw344UITests.swift */; };
		8CFCA3BD25F29A49001C9019 /* Sounds in Resources */ = {isa = PBXBuildFile; fileRef = 8CFCA3BC25F29A49001C9019 /* Sounds */; };
/* End PBXBuildFile section */

/* Begin PBXContainerItemProxy section */
		8C762E0325B7293F007943D4 /* PBXContainerItemProxy */ = {
			isa = PBXContainerItemProxy;
			containerPortal = 8C762DE425B7293D007943D4 /* Project object */;
			proxyType = 1;
			remoteGlobalIDString = 8C762DEB25B7293E007943D4;
			remoteInfo = "idm362-clw344";
		};
		8C762E0E25B7293F007943D4 /* PBXContainerItemProxy */ = {
			isa = PBXContainerItemProxy;
			containerPortal = 8C762DE425B7293D007943D4 /* Project object */;
			proxyType = 1;
			remoteGlobalIDString = 8C762DEB25B7293E007943D4;
			remoteInfo = "idm362-clw344";
		};
/* End PBXContainerItemProxy section */

/* Begin PBXFileReference section */
		8C762DEC25B7293E007943D4 /* idm362-clw344.app */ = {isa = PBXFileReference; explicitFileType = wrapper.application; includeInIndex = 0; path = "idm362-clw344.app"; sourceTree = BUILT_PRODUCTS_DIR; };
		8C762DEF25B7293E007943D4 /* AppDelegate.swift */ = {isa = PBXFileReference; lastKnownFileType = sourcecode.swift; path = AppDelegate.swift; sourceTree = "<group>"; };
		8C762DF125B7293E007943D4 /* SceneDelegate.swift */ = {isa = PBXFileReference; lastKnownFileType = sourcecode.swift; path = SceneDelegate.swift; sourceTree = "<group>"; };
		8C762DF325B7293E007943D4 /* ViewController.swift */ = {isa = PBXFileReference; lastKnownFileType = sourcecode.swift; path = ViewController.swift; sourceTree = "<group>"; };
		8C762DF625B7293E007943D4 /* Base */ = {isa = PBXFileReference; lastKnownFileType = file.storyboard; name = Base; path = Base.lproj/Main.storyboard; sourceTree = "<group>"; };
		8C762DF825B7293F007943D4 /* Assets.xcassets */ = {isa = PBXFileReference; lastKnownFileType = folder.assetcatalog; path = Assets.xcassets; sourceTree = "<group>"; };
		8C762DFB25B7293F007943D4 /* Base */ = {isa = PBXFileReference; lastKnownFileType = file.storyboard; name = Base; path = Base.lproj/LaunchScreen.storyboard; sourceTree = "<group>"; };
		8C762DFD25B7293F007943D4 /* Info.plist */ = {isa = PBXFileReference; lastKnownFileType = text.plist.xml; path = Info.plist; sourceTree = "<group>"; };
		8C762E0225B7293F007943D4 /* idm362-clw344Tests.xctest */ = {isa = PBXFileReference; explicitFileType = wrapper.cfbundle; includeInIndex = 0; path = "idm362-clw344Tests.xctest"; sourceTree = BUILT_PRODUCTS_DIR; };
		8C762E0625B7293F007943D4 /* idm362_clw344Tests.swift */ = {isa = PBXFileReference; lastKnownFileType = sourcecode.swift; path = idm362_clw344Tests.swift; sourceTree = "<group>"; };
		8C762E0825B7293F007943D4 /* Info.plist */ = {isa = PBXFileReference; lastKnownFileType = text.plist.xml; path = Info.plist; sourceTree = "<group>"; };
		8C762E0D25B7293F007943D4 /* idm362-clw344UITests.xctest */ = {isa = PBXFileReference; explicitFileType = wrapper.cfbundle; includeInIndex = 0; path = "idm362-clw344UITests.xctest"; sourceTree = BUILT_PRODUCTS_DIR; };
		8C762E1125B7293F007943D4 /* idm362_clw344UITests.swift */ = {isa = PBXFileReference; lastKnownFileType = sourcecode.swift; path = idm362_clw344UITests.swift; sourceTree = "<group>"; };
		8C762E1325B7293F007943D4 /* Info.plist */ = {isa = PBXFileReference; lastKnownFileType = text.plist.xml; path = Info.plist; sourceTree = "<group>"; };
		8CFCA3BC25F29A49001C9019 /* Sounds */ = {isa = PBXFileReference; lastKnownFileType = folder; name = Sounds; path = ../Sounds; sourceTree = "<group>"; };
/* End PBXFileReference section */

/* Begin PBXFrameworksBuildPhase section */
		8C762DE925B7293E007943D4 /* Frameworks */ = {
			isa = PBXFrameworksBuildPhase;
			buildActionMask = 2147483647;
			files = (
			);
			runOnlyForDeploymentPostprocessing = 0;
		};
		8C762DFF25B7293F007943D4 /* Frameworks */ = {
			isa = PBXFrameworksBuildPhase;
			buildActionMask = 2147483647;
			files = (
			);
			runOnlyForDeploymentPostprocessing = 0;
		};
		8C762E0A25B7293F007943D4 /* Frameworks */ = {
			isa = PBXFrameworksBuildPhase;
			buildActionMask = 2147483647;
			files = (
			);
			runOnlyForDeploymentPostprocessing = 0;
		};
/* End PBXFrameworksBuildPhase section */

/* Begin PBXGroup section */
		8C762DE325B7293D007943D4 = {
			isa = PBXGroup;
			children = (
				8CFCA3BC25F29A49001C9019 /* Sounds */,
				8C762DEE25B7293E007943D4 /* idm362-clw344 */,
				8C762E0525B7293F007943D4 /* idm362-clw344Tests */,
				8C762E1025B7293F007943D4 /* idm362-clw344UITests */,
				8C762DED25B7293E007943D4 /* Products */,
			);
			sourceTree = "<group>";
		};
		8C762DED25B7293E007943D4 /* Products */ = {
			isa = PBXGroup;
			children = (
				8C762DEC25B7293E007943D4 /* idm362-clw344.app */,
				8C762E0225B7293F007943D4 /* idm362-clw344Tests.xctest */,
				8C762E0D25B7293F007943D4 /* idm362-clw344UITests.xctest */,
			);
			name = Products;
			sourceTree = "<group>";
		};
		8C762DEE25B7293E007943D4 /* idm362-clw344 */ = {
			isa = PBXGroup;
			children = (
				8C762DEF25B7293E007943D4 /* AppDelegate.swift */,
				8C762DF125B7293E007943D4 /* SceneDelegate.swift */,
				8C762DF325B7293E007943D4 /* ViewController.swift */,
				8C762DF525B7293E007943D4 /* Main.storyboard */,
				8C762DF825B7293F007943D4 /* Assets.xcassets */,
				8C762DFA25B7293F007943D4 /* LaunchScreen.storyboard */,
				8C762DFD25B7293F007943D4 /* Info.plist */,
			);
			path = "idm362-clw344";
			sourceTree = "<group>";
		};
		8C762E0525B7293F007943D4 /* idm362-clw344Tests */ = {
			isa = PBXGroup;
			children = (
				8C762E0625B7293F007943D4 /* idm362_clw344Tests.swift */,
				8C762E0825B7293F007943D4 /* Info.plist */,
			);
			path = "idm362-clw344Tests";
			sourceTree = "<group>";
		};
		8C762E1025B7293F007943D4 /* idm362-clw344UITests */ = {
			isa = PBXGroup;
			children = (
				8C762E1125B7293F007943D4 /* idm362_clw344UITests.swift */,
				8C762E1325B7293F007943D4 /* Info.plist */,
			);
			path = "idm362-clw344UITests";
			sourceTree = "<group>";
		};
/* End PBXGroup section */

/* Begin PBXNativeTarget section */
		8C762DEB25B7293E007943D4 /* idm362-clw344 */ = {
			isa = PBXNativeTarget;
			buildConfigurationList = 8C762E1625B7293F007943D4 /* Build configuration list for PBXNativeTarget "idm362-clw344" */;
			buildPhases = (
				8C762DE825B7293E007943D4 /* Sources */,
				8C762DE925B7293E007943D4 /* Frameworks */,
				8C762DEA25B7293E007943D4 /* Resources */,
			);
			buildRules = (
			);
			dependencies = (
			);
			name = "idm362-clw344";
			productName = "idm362-clw344";
			productReference = 8C762DEC25B7293E007943D4 /* idm362-clw344.app */;
			productType = "com.apple.product-type.application";
		};
		8C762E0125B7293F007943D4 /* idm362-clw344Tests */ = {
			isa = PBXNativeTarget;
			buildConfigurationList = 8C762E1925B7293F007943D4 /* Build configuration list for PBXNativeTarget "idm362-clw344Tests" */;
			buildPhases = (
				8C762DFE25B7293F007943D4 /* Sources */,
				8C762DFF25B7293F007943D4 /* Frameworks */,
				8C762E0025B7293F007943D4 /* Resources */,
			);
			buildRules = (
			);
			dependencies = (
				8C762E0425B7293F007943D4 /* PBXTargetDependency */,
			);
			name = "idm362-clw344Tests";
			productName = "idm362-clw344Tests";
			productReference = 8C762E0225B7293F007943D4 /* idm362-clw344Tests.xctest */;
			productType = "com.apple.product-type.bundle.unit-test";
		};
		8C762E0C25B7293F007943D4 /* idm362-clw344UITests */ = {
			isa = PBXNativeTarget;
			buildConfigurationList = 8C762E1C25B7293F007943D4 /* Build configuration list for PBXNativeTarget "idm362-clw344UITests" */;
			buildPhases = (
				8C762E0925B7293F007943D4 /* Sources */,
				8C762E0A25B7293F007943D4 /* Frameworks */,
				8C762E0B25B7293F007943D4 /* Resources */,
			);
			buildRules = (
			);
			dependencies = (
				8C762E0F25B7293F007943D4 /* PBXTargetDependency */,
			);
			name = "idm362-clw344UITests";
			productName = "idm362-clw344UITests";
			productReference = 8C762E0D25B7293F007943D4 /* idm362-clw344UITests.xctest */;
			productType = "com.apple.product-type.bundle.ui-testing";
		};
/* End PBXNativeTarget section */

/* Begin PBXProject section */
		8C762DE425B7293D007943D4 /* Project object */ = {
			isa = PBXProject;
			attributes = {
				LastSwiftUpdateCheck = 1230;
				LastUpgradeCheck = 1230;
				TargetAttributes = {
					8C762DEB25B7293E007943D4 = {
						CreatedOnToolsVersion = 12.3;
					};
					8C762E0125B7293F007943D4 = {
						CreatedOnToolsVersion = 12.3;
						TestTargetID = 8C762DEB25B7293E007943D4;
					};
					8C762E0C25B7293F007943D4 = {
						CreatedOnToolsVersion = 12.3;
						TestTargetID = 8C762DEB25B7293E007943D4;
					};
				};
			};
			buildConfigurationList = 8C762DE725B7293D007943D4 /* Build configuration list for PBXProject "idm362-clw344" */;
			compatibilityVersion = "Xcode 9.3";
			developmentRegion = en;
			hasScannedForEncodings = 0;
			knownRegions = (
				en,
				Base,
			);
			mainGroup = 8C762DE325B7293D007943D4;
			productRefGroup = 8C762DED25B7293E007943D4 /* Products */;
			projectDirPath = "";
			projectRoot = "";
			targets = (
				8C762DEB25B7293E007943D4 /* idm362-clw344 */,
				8C762E0125B7293F007943D4 /* idm362-clw344Tests */,
				8C762E0C25B7293F007943D4 /* idm362-clw344UITests */,
			);
		};
/* End PBXProject section */

/* Begin PBXResourcesBuildPhase section */
		8C762DEA25B7293E007943D4 /* Resources */ = {
			isa = PBXResourcesBuildPhase;
			buildActionMask = 2147483647;
			files = (
				8C762DFC25B7293F007943D4 /* LaunchScreen.storyboard in Resources */,
				8C762DF925B7293F007943D4 /* Assets.xcassets in Resources */,
				8CFCA3BD25F29A49001C9019 /* Sounds in Resources */,
				8C762DF725B7293E007943D4 /* Main.storyboard in Resources */,
			);
			runOnlyForDeploymentPostprocessing = 0;
		};
		8C762E0025B7293F007943D4 /* Resources */ = {
			isa = PBXResourcesBuildPhase;
			buildActionMask = 2147483647;
			files = (
			);
			runOnlyForDeploymentPostprocessing = 0;
		};
		8C762E0B25B7293F007943D4 /* Resources */ = {
			isa = PBXResourcesBuildPhase;
			buildActionMask = 2147483647;
			files = (
			);
			runOnlyForDeploymentPostprocessing = 0;
		};
/* End PBXResourcesBuildPhase section */

/* Begin PBXSourcesBuildPhase section */
		8C762DE825B7293E007943D4 /* Sources */ = {
			isa = PBXSourcesBuildPhase;
			buildActionMask = 2147483647;
			files = (
				8C762DF425B7293E007943D4 /* ViewController.swift in Sources */,
				8C762DF025B7293E007943D4 /* AppDelegate.swift in Sources */,
				8C762DF225B7293E007943D4 /* SceneDelegate.swift in Sources */,
			);
			runOnlyForDeploymentPostprocessing = 0;
		};
		8C762DFE25B7293F007943D4 /* Sources */ = {
			isa = PBXSourcesBuildPhase;
			buildActionMask = 2147483647;
			files = (
				8C762E0725B7293F007943D4 /* idm362_clw344Tests.swift in Sources */,
			);
			runOnlyForDeploymentPostprocessing = 0;
		};
		8C762E0925B7293F007943D4 /* Sources */ = {
			isa = PBXSourcesBuildPhase;
			buildActionMask = 2147483647;
			files = (
				8C762E1225B7293F007943D4 /* idm362_clw344UITests.swift in Sources */,
			);
			runOnlyForDeploymentPostprocessing = 0;
		};
/* End PBXSourcesBuildPhase section */

/* Begin PBXTargetDependency section */
		8C762E0425B7293F007943D4 /* PBXTargetDependency */ = {
			isa = PBXTargetDependency;
			target = 8C762DEB25B7293E007943D4 /* idm362-clw344 */;
			targetProxy = 8C762E0325B7293F007943D4 /* PBXContainerItemProxy */;
		};
		8C762E0F25B7293F007943D4 /* PBXTargetDependency */ = {
			isa = PBXTargetDependency;
			target = 8C762DEB25B7293E007943D4 /* idm362-clw344 */;
			targetProxy = 8C762E0E25B7293F007943D4 /* PBXContainerItemProxy */;
		};
/* End PBXTargetDependency section */

/* Begin PBXVariantGroup section */
		8C762DF525B7293E007943D4 /* Main.storyboard */ = {
			isa = PBXVariantGroup;
			children = (
				8C762DF625B7293E007943D4 /* Base */,
			);
			name = Main.storyboard;
			sourceTree = "<group>";
		};
		8C762DFA25B7293F007943D4 /* LaunchScreen.storyboard */ = {
			isa = PBXVariantGroup;
			children = (
				8C762DFB25B7293F007943D4 /* Base */,
			);
			name = LaunchScreen.storyboard;
			sourceTree = "<group>";
		};
/* End PBXVariantGroup section */

/* Begin XCBuildConfiguration section */
		8C762E1425B7293F007943D4 /* Debug */ = {
			isa = XCBuildConfiguration;
			buildSettings = {
				ALWAYS_SEARCH_USER_PATHS = NO;
				CLANG_ANALYZER_NONNULL = YES;
				CLANG_ANALYZER_NUMBER_OBJECT_CONVERSION = YES_AGGRESSIVE;
				CLANG_CXX_LANGUAGE_STANDARD = "gnu++14";
				CLANG_CXX_LIBRARY = "libc++";
				CLANG_ENABLE_MODULES = YES;
				CLANG_ENABLE_OBJC_ARC = YES;
				CLANG_ENABLE_OBJC_WEAK = YES;
				CLANG_WARN_BLOCK_CAPTURE_AUTORELEASING = YES;
				CLANG_WARN_BOOL_CONVERSION = YES;
				CLANG_WARN_COMMA = YES;
				CLANG_WARN_CONSTANT_CONVERSION = YES;
				CLANG_WARN_DEPRECATED_OBJC_IMPLEMENTATIONS = YES;
				CLANG_WARN_DIRECT_OBJC_ISA_USAGE = YES_ERROR;
				CLANG_WARN_DOCUMENTATION_COMMENTS = YES;
				CLANG_WARN_EMPTY_BODY = YES;
				CLANG_WARN_ENUM_CONVERSION = YES;
				CLANG_WARN_INFINITE_RECURSION = YES;
				CLANG_WARN_INT_CONVERSION = YES;
				CLANG_WARN_NON_LITERAL_NULL_CONVERSION = YES;
				CLANG_WARN_OBJC_IMPLICIT_RETAIN_SELF = YES;
				CLANG_WARN_OBJC_LITERAL_CONVERSION = YES;
				CLANG_WARN_OBJC_ROOT_CLASS = YES_ERROR;
				CLANG_WARN_QUOTED_INCLUDE_IN_FRAMEWORK_HEADER = YES;
				CLANG_WARN_RANGE_LOOP_ANALYSIS = YES;
				CLANG_WARN_STRICT_PROTOTYPES = YES;
				CLANG_WARN_SUSPICIOUS_MOVE = YES;
				CLANG_WARN_UNGUARDED_AVAILABILITY = YES_AGGRESSIVE;
				CLANG_WARN_UNREACHABLE_CODE = YES;
				CLANG_WARN__DUPLICATE_METHOD_MATCH = YES;
				COPY_PHASE_STRIP = NO;
				DEBUG_INFORMATION_FORMAT = dwarf;
				ENABLE_STRICT_OBJC_MSGSEND = YES;
				ENABLE_TESTABILITY = YES;
				GCC_C_LANGUAGE_STANDARD = gnu11;
				GCC_DYNAMIC_NO_PIC = NO;
				GCC_NO_COMMON_BLOCKS = YES;
				GCC_OPTIMIZATION_LEVEL = 0;
				GCC_PREPROCESSOR_DEFINITIONS = (
					"DEBUG=1",
					"$(inherited)",
				);
				GCC_WARN_64_TO_32_BIT_CONVERSION = YES;
				GCC_WARN_ABOUT_RETURN_TYPE = YES_ERROR;
				GCC_WARN_UNDECLARED_SELECTOR = YES;
				GCC_WARN_UNINITIALIZED_AUTOS = YES_AGGRESSIVE;
				GCC_WARN_UNUSED_FUNCTION = YES;
				GCC_WARN_UNUSED_VARIABLE = YES;
				IPHONEOS_DEPLOYMENT_TARGET = 14.3;
				MTL_ENABLE_DEBUG_INFO = INCLUDE_SOURCE;
				MTL_FAST_MATH = YES;
				ONLY_ACTIVE_ARCH = YES;
				SDKROOT = iphoneos;
				SWIFT_ACTIVE_COMPILATION_CONDITIONS = DEBUG;
				SWIFT_OPTIMIZATION_LEVEL = "-Onone";
			};
			name = Debug;
		};
		8C762E1525B7293F007943D4 /* Release */ = {
			isa = XCBuildConfiguration;
			buildSettings = {
				ALWAYS_SEARCH_USER_PATHS = NO;
				CLANG_ANALYZER_NONNULL = YES;
				CLANG_ANALYZER_NUMBER_OBJECT_CONVERSION = YES_AGGRESSIVE;
				CLANG_CXX_LANGUAGE_STANDARD = "gnu++14";
				CLANG_CXX_LIBRARY = "libc++";
				CLANG_ENABLE_MODULES = YES;
				CLANG_ENABLE_OBJC_ARC = YES;
				CLANG_ENABLE_OBJC_WEAK = YES;
				CLANG_WARN_BLOCK_CAPTURE_AUTORELEASING = YES;
				CLANG_WARN_BOOL_CONVERSION = YES;
				CLANG_WARN_COMMA = YES;
				CLANG_WARN_CONSTANT_CONVERSION = YES;
				CLANG_WARN_DEPRECATED_OBJC_IMPLEMENTATIONS = YES;
				CLANG_WARN_DIRECT_OBJC_ISA_USAGE = YES_ERROR;
				CLANG_WARN_DOCUMENTATION_COMMENTS = YES;
				CLANG_WARN_EMPTY_BODY = YES;
				CLANG_WARN_ENUM_CONVERSION = YES;
				CLANG_WARN_INFINITE_RECURSION = YES;
				CLANG_WARN_INT_CONVERSION = YES;
				CLANG_WARN_NON_LITERAL_NULL_CONVERSION = YES;
				CLANG_WARN_OBJC_IMPLICIT_RETAIN_SELF = YES;
				CLANG_WARN_OBJC_LITERAL_CONVERSION = YES;
				CLANG_WARN_OBJC_ROOT_CLASS = YES_ERROR;
				CLANG_WARN_QUOTED_INCLUDE_IN_FRAMEWORK_HEADER = YES;
				CLANG_WARN_RANGE_LOOP_ANALYSIS = YES;
				CLANG_WARN_STRICT_PROTOTYPES = YES;
				CLANG_WARN_SUSPICIOUS_MOVE = YES;
				CLANG_WARN_UNGUARDED_AVAILABILITY = YES_AGGRESSIVE;
				CLANG_WARN_UNREACHABLE_CODE = YES;
				CLANG_WARN__DUPLICATE_METHOD_MATCH = YES;
				COPY_PHASE_STRIP = NO;
				DEBUG_INFORMATION_FORMAT = "dwarf-with-dsym";
				ENABLE_NS_ASSERTIONS = NO;
				ENABLE_STRICT_OBJC_MSGSEND = YES;
				GCC_C_LANGUAGE_STANDARD = gnu11;
				GCC_NO_COMMON_BLOCKS = YES;
				GCC_WARN_64_TO_32_BIT_CONVERSION = YES;
				GCC_WARN_ABOUT_RETURN_TYPE = YES_ERROR;
				GCC_WARN_UNDECLARED_SELECTOR = YES;
				GCC_WARN_UNINITIALIZED_AUTOS = YES_AGGRESSIVE;
				GCC_WARN_UNUSED_FUNCTION = YES;
				GCC_WARN_UNUSED_VARIABLE = YES;
				IPHONEOS_DEPLOYMENT_TARGET = 14.3;
				MTL_ENABLE_DEBUG_INFO = NO;
				MTL_FAST_MATH = YES;
				SDKROOT = iphoneos;
				SWIFT_COMPILATION_MODE = wholemodule;
				SWIFT_OPTIMIZATION_LEVEL = "-O";
				VALIDATE_PRODUCT = YES;
			};
			name = Release;
		};
		8C762E1725B7293F007943D4 /* Debug */ = {
			isa = XCBuildConfiguration;
			buildSettings = {
				ASSETCATALOG_COMPILER_APPICON_NAME = AppIcon;
				ASSETCATALOG_COMPILER_GLOBAL_ACCENT_COLOR_NAME = AccentColor;
				CODE_SIGN_STYLE = Automatic;
				DEVELOPMENT_TEAM = 3L4X4WNURB;
				INFOPLIST_FILE = "idm362-clw344/Info.plist";
				LD_RUNPATH_SEARCH_PATHS = (
					"$(inherited)",
					"@executable_path/Frameworks",
				);
				PRODUCT_BUNDLE_IDENTIFIER = "com.charleswolloch.idm362-clw344";
				PRODUCT_NAME = "$(TARGET_NAME)";
				SWIFT_VERSION = 5.0;
				TARGETED_DEVICE_FAMILY = 1;
			};
			name = Debug;
		};
		8C762E1825B7293F007943D4 /* Release */ = {
			isa = XCBuildConfiguration;
			buildSettings = {
				ASSETCATALOG_COMPILER_APPICON_NAME = AppIcon;
				ASSETCATALOG_COMPILER_GLOBAL_ACCENT_COLOR_NAME = AccentColor;
				CODE_SIGN_STYLE = Automatic;
				DEVELOPMENT_TEAM = 3L4X4WNURB;
				INFOPLIST_FILE = "idm362-clw344/Info.plist";
				LD_RUNPATH_SEARCH_PATHS = (
					"$(inherited)",
					"@executable_path/Frameworks",
				);
				PRODUCT_BUNDLE_IDENTIFIER = "com.charleswolloch.idm362-clw344";
				PRODUCT_NAME = "$(TARGET_NAME)";
				SWIFT_VERSION = 5.0;
				TARGETED_DEVICE_FAMILY = 1;
			};
			name = Release;
		};
		8C762E1A25B7293F007943D4 /* Debug */ = {
			isa = XCBuildConfiguration;
			buildSettings = {
				ALWAYS_EMBED_SWIFT_STANDARD_LIBRARIES = YES;
				BUNDLE_LOADER = "$(TEST_HOST)";
				CODE_SIGN_STYLE = Automatic;
				DEVELOPMENT_TEAM = 3L4X4WNURB;
				INFOPLIST_FILE = "idm362-clw344Tests/Info.plist";
				IPHONEOS_DEPLOYMENT_TARGET = 14.3;
				LD_RUNPATH_SEARCH_PATHS = (
					"$(inherited)",
					"@executable_path/Frameworks",
					"@loader_path/Frameworks",
				);
				PRODUCT_BUNDLE_IDENTIFIER = "com.charleswolloch.idm362-clw344Tests";
				PRODUCT_NAME = "$(TARGET_NAME)";
				SWIFT_VERSION = 5.0;
				TARGETED_DEVICE_FAMILY = "1,2";
				TEST_HOST = "$(BUILT_PRODUCTS_DIR)/idm362-clw344.app/idm362-clw344";
			};
			name = Debug;
		};
		8C762E1B25B7293F007943D4 /* Release */ = {
			isa = XCBuildConfiguration;
			buildSettings = {
				ALWAYS_EMBED_SWIFT_STANDARD_LIBRARIES = YES;
				BUNDLE_LOADER = "$(TEST_HOST)";
				CODE_SIGN_STYLE = Automatic;
				DEVELOPMENT_TEAM = 3L4X4WNURB;
				INFOPLIST_FILE = "idm362-clw344Tests/Info.plist";
				IPHONEOS_DEPLOYMENT_TARGET = 14.3;
				LD_RUNPATH_SEARCH_PATHS = (
					"$(inherited)",
					"@executable_path/Frameworks",
					"@loader_path/Frameworks",
				);
				PRODUCT_BUNDLE_IDENTIFIER = "com.charleswolloch.idm362-clw344Tests";
				PRODUCT_NAME = "$(TARGET_NAME)";
				SWIFT_VERSION = 5.0;
				TARGETED_DEVICE_FAMILY = "1,2";
				TEST_HOST = "$(BUILT_PRODUCTS_DIR)/idm362-clw344.app/idm362-clw344";
			};
			name = Release;
		};
		8C762E1D25B7293F007943D4 /* Debug */ = {
			isa = XCBuildConfiguration;
			buildSettings = {
				ALWAYS_EMBED_SWIFT_STANDARD_LIBRARIES = YES;
				CODE_SIGN_STYLE = Automatic;
				DEVELOPMENT_TEAM = 3L4X4WNURB;
				INFOPLIST_FILE = "idm362-clw344UITests/Info.plist";
				LD_RUNPATH_SEARCH_PATHS = (
					"$(inherited)",
					"@executable_path/Frameworks",
					"@loader_path/Frameworks",
				);
				PRODUCT_BUNDLE_IDENTIFIER = "com.charleswolloch.idm362-clw344UITests";
				PRODUCT_NAME = "$(TARGET_NAME)";
				SWIFT_VERSION = 5.0;
				TARGETED_DEVICE_FAMILY = "1,2";
				TEST_TARGET_NAME = "idm362-clw344";
			};
			name = Debug;
		};
		8C762E1E25B7293F007943D4 /* Release */ = {
			isa = XCBuildConfiguration;
			buildSettings = {
				ALWAYS_EMBED_SWIFT_STANDARD_LIBRARIES = YES;
				CODE_SIGN_STYLE = Automatic;
				DEVELOPMENT_TEAM = 3L4X4WNURB;
				INFOPLIST_FILE = "idm362-clw344UITests/Info.plist";
				LD_RUNPATH_SEARCH_PATHS = (
					"$(inherited)",
					"@executable_path/Frameworks",
					"@loader_path/Frameworks",
				);
				PRODUCT_BUNDLE_IDENTIFIER = "com.charleswolloch.idm362-clw344UITests";
				PRODUCT_NAME = "$(TARGET_NAME)";
				SWIFT_VERSION = 5.0;
				TARGETED_DEVICE_FAMILY = "1,2";
				TEST_TARGET_NAME = "idm362-clw344";
			};
			name = Release;
		};
/* End XCBuildConfiguration section */

/* Begin XCConfigurationList section */
		8C762DE725B7293D007943D4 /* Build configuration list for PBXProject "idm362-clw344" */ = {
			isa = XCConfigurationList;
			buildConfigurations = (
				8C762E1425B7293F007943D4 /* Debug */,
				8C762E1525B7293F007943D4 /* Release */,
			);
			defaultConfigurationIsVisible = 0;
			defaultConfigurationName = Release;
		};
		8C762E1625B7293F007943D4 /* Build configuration list for PBXNativeTarget "idm362-clw344" */ = {
			isa = XCConfigurationList;
			buildConfigurations = (
				8C762E1725B7293F007943D4 /* Debug */,
				8C762E1825B7293F007943D4 /* Release */,
			);
			defaultConfigurationIsVisible = 0;
			defaultConfigurationName = Release;
		};
		8C762E1925B7293F007943D4 /* Build configuration list for PBXNativeTarget "idm362-clw344Tests" */ = {
			isa = XCConfigurationList;
			buildConfigurations = (
				8C762E1A25B7293F007943D4 /* Debug */,
				8C762E1B25B7293F007943D4 /* Release */,
			);
			defaultConfigurationIsVisible = 0;
			defaultConfigurationName = Release;
		};
		8C762E1C25B7293F007943D4 /* Build configuration list for PBXNativeTarget "idm362-clw344UITests" */ = {
			isa = XCConfigurationList;
			buildConfigurations = (
				8C762E1D25B7293F007943D4 /* Debug */,
				8C762E1E25B7293F007943D4 /* Release */,
			);
			defaultConfigurationIsVisible = 0;
			defaultConfigurationName = Release;
		};
/* End XCConfigurationList section */
	};
	rootObject = 8C762DE425B7293D007943D4 /* Project object */;
}
